<?xml version="1.0" encoding="utf-8"?>
<Project ToolsVersion="4.0" xmlns="http://schemas.microsoft.com/developer/msbuild/2003">
  <ItemGroup>
    <Filter Include="Source Files">
      <UniqueIdentifier>{4FC737F1-C7A5-4376-A066-2A32D752A2FF}</UniqueIdentifier>
      <Extensions>cpp;c;cc;cxx;c++;cppm;ixx;def;odl;idl;hpj;bat;asm;asmx</Extensions>
    </Filter>
    <Filter Include="Header Files">
      <UniqueIdentifier>{93995380-89BD-4b04-88EB-625FBE52EBFB}</UniqueIdentifier>
      <Extensions>h;hh;hpp;hxx;h++;hm;inl;inc;ipp;xsd</Extensions>
    </Filter>
    <Filter Include="Resource Files">
      <UniqueIdentifier>{67DA6AB6-F800-4c08-8B7A-83BB121AAD01}</UniqueIdentifier>
      <Extensions>rc;ico;cur;bmp;dlg;rc2;rct;bin;rgs;gif;jpg;jpeg;jpe;resx;tiff;tif;png;wav;mfcribbon-ms</Extensions>
    </Filter>
    <Filter Include="Source Files\Class Implementations">
      <UniqueIdentifier>{5532f4ad-458c-45ea-9ded-f2c1a2e4ea60}</UniqueIdentifier>
    </Filter>
    <Filter Include="Source Files\Helpers">
      <UniqueIdentifier>{6302b068-ed23-410c-b0a0-bea13cd07ca3}</UniqueIdentifier>
    </Filter>
    <Filter Include="Header Files\Helpers">
      <UniqueIdentifier>{2af25de0-0c07-4ffd-9490-1a6bdb879622}</UniqueIdentifier>
    </Filter>
    <Filter Include="Header Files\Class Definitions">
      <UniqueIdentifier>{6d7d4a7f-158e-4131-9fe8-cc68152b8dca}</UniqueIdentifier>
    </Filter>
  </ItemGroup>
  <ItemGroup>
    <ClCompile Include="TextbookManager.cpp">
      <Filter>Source Files</Filter>
    </ClCompile>
    <ClCompile Include="tb_helper.cpp">
      <Filter>Source Files\Helpers</Filter>
    </ClCompile>
    <ClCompile Include="Textbook.cpp">
      <Filter>Source Files\Class Implementations</Filter>
    </ClCompile>
    <ClCompile Include="Certificate.cpp">
      <Filter>Source Files\Class Implementations</Filter>
    </ClCompile>
    <ClCompile Include="common.cpp">
      <Filter>Source Files\Helpers</Filter>
    </ClCompile>
    <ClCompile Include="Base.cpp">
      <Filter>Source Files\Class Implementations</Filter>
    </ClCompile>
  </ItemGroup>
  <ItemGroup>
    <ClInclude Include="author.h">
      <Filter>Header Files\Class Definitions</Filter>
    </ClInclude>
    <ClInclude Include="base.h">
      <Filter>Header Files\Class Definitions</Filter>
    </ClInclude>
    <ClInclude Include="certificate.h">
      <Filter>Header Files\Class Definitions</Filter>
    </ClInclude>
    <ClInclude Include="distribution.h">
      <Filter>Header Files\Class Definitions</Filter>
    </ClInclude>
    <ClInclude Include="distribution_owner.h">
      <Filter>Header Files\Class Definitions</Filter>
    </ClInclude>
    <ClInclude Include="order.h">
      <Filter>Header Files\Class Definitions</Filter>
    </ClInclude>
    <ClInclude Include="person.h">
      <Filter>Header Files\Class Definitions</Filter>
    </ClInclude>
    <ClInclude Include="textbook.h">
      <Filter>Header Files\Class Definitions</Filter>
    </ClInclude>
    <ClInclude Include="tb_helper.h">
      <Filter>Header Files\Helpers</Filter>
    </ClInclude>
    <ClInclude Include="common.h">
      <Filter>Header Files\Helpers</Filter>
    </ClInclude>
  </ItemGroup>
</Project>